
Microsoft Visual Studio Solution File, Format Version 12.00
# Visual Studio Version 16
VisualStudioVersion = 16.0.28803.352
MinimumVisualStudioVersion = 10.0.40219.1
Project("{FAE04EC0-301F-11D3-BF4B-00C04F79EFBC}") = "PrescriptionHQ", "PrescriptionHQ\PrescriptionHQ.csproj", "{C0D19EEE-792A-46C2-BB57-4F02973931F7}"
EndProject
Global
	GlobalSection(SolutionConfigurationPlatforms) = preSolution
		Debug|Any CPU = Debug|Any CPU
		Release|Any CPU = Release|Any CPU
	EndGlobalSection
	GlobalSection(ProjectConfigurationPlatforms) = postSolution
		{C0D19EEE-792A-46C2-BB57-4F02973931F7}.Debug|Any CPU.ActiveCfg = Debug|Any CPU
		{C0D19EEE-792A-46C2-BB57-4F02973931F7}.Debug|Any CPU.Build.0 = Debug|Any CPU
		{C0D19EEE-792A-46C2-BB57-4F02973931F7}.Release|Any CPU.ActiveCfg = Release|Any CPU
		{C0D19EEE-792A-46C2-BB57-4F02973931F7}.Release|Any CPU.Build.0 = Release|Any CPU
	EndGlobalSection
	GlobalSection(SolutionProperties) = preSolution
		HideSolutionNode = FALSE
	EndGlobalSection
	GlobalSection(ExtensibilityGlobals) = postSolution
		SolutionGuid = {84601AD2-9FF7-40D7-8F0D-B5197C6536D8}
	EndGlobalSection
EndGlobal
